# THIS IS AN AUTOGENERATED FILE. DO NOT EDIT THIS FILE DIRECTLY.
# yarn lockfile v1


"@babel/runtime@^7.1.2", "@babel/runtime@^7.5.5", "@babel/runtime@^7.9.6":
  version "7.9.6"
  resolved "https://registry.yarnpkg.com/@babel/runtime/-/runtime-7.9.6.tgz#a9102eb5cadedf3f31d08a9ecf294af7827ea29f"
  integrity sha512-64AF1xY3OAkFHqOb9s4jpgk1Mm5vDZ4L3acHvAml+53nO1XbXLuDodsVpO4OIUsmemlUHMxNdYMNJmsvOwLrvQ==
  dependencies:
    regenerator-runtime "^0.13.4"

axios@^0.19.2:
  version "0.19.2"
  resolved "https://registry.yarnpkg.com/axios/-/axios-0.19.2.tgz#3ea36c5d8818d0d5f8a8a97a6d36b86cdc00cb27"
  integrity sha512-fjgm5MvRHLhx+osE2xoekY70AhARk3a6hkN+3Io1jc00jtquGvxYlKlsFUhmUET0V5te6CcZI7lcv2Ym61mjHA==
  dependencies:
    follow-redirects "1.5.10"

debug@=3.1.0:
  version "3.1.0"
  resolved "https://registry.yarnpkg.com/debug/-/debug-3.1.0.tgz#5bb5a0672628b64149566ba16819e61518c67261"
  integrity sha512-OX8XqP7/1a9cqkxYw2yXss15f26NKWBpDXQd0/uK/KPqdQhxbPa994hnzjcE2VqQpDslf55723cKPUOGSmMY3g==
  dependencies:
    ms "2.0.0"

fn-name@~3.0.0:
  version "3.0.0"
  resolved "https://registry.yarnpkg.com/fn-name/-/fn-name-3.0.0.tgz#0596707f635929634d791f452309ab41558e3c5c"
  integrity sha512-eNMNr5exLoavuAMhIUVsOKF79SWd/zG104ef6sxBTSw+cZc6BXdQXDvYcGvp0VbxVVSp1XDUNoz7mg1xMtSznA==

follow-redirects@1.5.10:
  version "1.5.10"
  resolved "https://registry.yarnpkg.com/follow-redirects/-/follow-redirects-1.5.10.tgz#7b7a9f9aea2fdff36786a94ff643ed07f4ff5e2a"
  integrity sha512-0V5l4Cizzvqt5D44aTXbFZz+FtyXV1vrDN6qrelxtfYQKW0KO0W2T/hkE8xvGa/540LkZlkaUjO4ailYTFtHVQ==
  dependencies:
    debug "=3.1.0"

history@^4.9.0:
  version "4.10.1"
  resolved "https://registry.yarnpkg.com/history/-/history-4.10.1.tgz#33371a65e3a83b267434e2b3f3b1b4c58aad4cf3"
  integrity sha512-36nwAD620w12kuzPAsyINPWJqlNbij+hpK1k9XRloDtym8mxzGYl2c17LnV6IAGB2Dmg4tEa7G7DlawS0+qjew==
  dependencies:
    "@babel/runtime" "^7.1.2"
    loose-envify "^1.2.0"
    resolve-pathname "^3.0.0"
    tiny-invariant "^1.0.2"
    tiny-warning "^1.0.0"
    value-equal "^1.0.1"

hoist-non-react-statics@^3.1.0, hoist-non-react-statics@^3.3.0:
  version "3.3.2"
  resolved "https://registry.yarnpkg.com/hoist-non-react-statics/-/hoist-non-react-statics-3.3.2.tgz#ece0acaf71d62c2969c2ec59feff42a4b1a85b45"
  integrity sha512-/gGivxi8JPKWNm/W0jSmzcMPpfpPLc3dY/6GxhX2hQ9iGj3aDfklV4ET7NjKpSinLpJ5vafa9iiGIEZg10SfBw==
  dependencies:
    react-is "^16.7.0"

isarray@0.0.1:
  version "0.0.1"
  resolved "https://registry.yarnpkg.com/isarray/-/isarray-0.0.1.tgz#8a18acfca9a8f4177e09abfc6038939b05d1eedf"
  integrity sha1-ihis/Kmo9Bd+Cav8YDiTmwXR7t8=

"js-tokens@^3.0.0 || ^4.0.0":
  version "4.0.0"
  resolved "https://registry.yarnpkg.com/js-tokens/-/js-tokens-4.0.0.tgz#19203fb59991df98e3a287050d4647cdeaf32499"
  integrity sha512-RdJUflcE3cUzKiMqQgsCu06FPu9UdIJO0beYbPhHN4k6apgJtifcoCtT9bcxOpYBtpD2kCM6Sbzg4CausW/PKQ==

lodash-es@^4.17.11:
  version "4.17.15"
  resolved "https://registry.yarnpkg.com/lodash-es/-/lodash-es-4.17.15.tgz#21bd96839354412f23d7a10340e5eac6ee455d78"
  integrity sha512-rlrc3yU3+JNOpZ9zj5pQtxnx2THmvRykwL4Xlxoa8I9lHBlVbbyPhgyPMioxVZ4NqyxaVVtaJnzsyOidQIhyyQ==

lodash@^4.17.15:
  version "4.17.15"
  resolved "https://registry.yarnpkg.com/lodash/-/lodash-4.17.15.tgz#b447f6670a0455bbfeedd11392eff330ea097548"
  integrity sha512-8xOcRHvCjnocdS5cpwXQXVzmmh5e5+saE2QGoeQmbKmRS6J3VQppPOIt0MnmE+4xlZoumy0GPG0D0MVIQbNA1A==

loose-envify@^1.2.0, loose-envify@^1.3.1, loose-envify@^1.4.0:
  version "1.4.0"
  resolved "https://registry.yarnpkg.com/loose-envify/-/loose-envify-1.4.0.tgz#71ee51fa7be4caec1a63839f7e682d8132d30caf"
  integrity sha512-lyuxPGr/Wfhrlem2CL/UcnUc1zcqKAImBDzukY7Y5F/yQiNdko6+fRLevlw1HgMySw7f611UIY408EtxRSoK3Q==
  dependencies:
    js-tokens "^3.0.0 || ^4.0.0"

mini-create-react-context@^0.4.0:
  version "0.4.0"
  resolved "https://registry.yarnpkg.com/mini-create-react-context/-/mini-create-react-context-0.4.0.tgz#df60501c83151db69e28eac0ef08b4002efab040"
  integrity sha512-b0TytUgFSbgFJGzJqXPKCFCBWigAjpjo+Fl7Vf7ZbKRDptszpppKxXH6DRXEABZ/gcEQczeb0iZ7JvL8e8jjCA==
  dependencies:
    "@babel/runtime" "^7.5.5"
    tiny-warning "^1.0.3"

ms@2.0.0:
  version "2.0.0"
  resolved "https://registry.yarnpkg.com/ms/-/ms-2.0.0.tgz#5608aeadfc00be6c2901df5f9861788de0d597c8"
  integrity sha1-VgiurfwAvmwpAd9fmGF4jeDVl8g=

object-assign@^4.1.1:
  version "4.1.1"
  resolved "https://registry.yarnpkg.com/object-assign/-/object-assign-4.1.1.tgz#2109adc7965887cfc05cbbd442cac8bfbb360863"
  integrity sha1-IQmtx5ZYh8/AXLvUQsrIv7s2CGM=

path-to-regexp@^1.7.0:
  version "1.8.0"
  resolved "https://registry.yarnpkg.com/path-to-regexp/-/path-to-regexp-1.8.0.tgz#887b3ba9d84393e87a0a0b9f4cb756198b53548a"
  integrity sha512-n43JRhlUKUAlibEJhPeir1ncUID16QnEjNpwzNdO3Lm4ywrBpBZ5oLD0I6br9evr1Y9JTqwRtAh7JLoOzAQdVA==
  dependencies:
    isarray "0.0.1"

prop-types@^15.6.2, prop-types@^15.7.2:
  version "15.7.2"
  resolved "https://registry.yarnpkg.com/prop-types/-/prop-types-15.7.2.tgz#52c41e75b8c87e72b9d9360e0206b99dcbffa6c5"
  integrity sha512-8QQikdH7//R2vurIJSutZ1smHYTcLpRWEOlHnzcWHmBYrOGUysKwSsrC89BCiFj3CbrfJ/nXFdJepOVrY1GCHQ==
  dependencies:
    loose-envify "^1.4.0"
    object-assign "^4.1.1"
    react-is "^16.8.1"

property-expr@^2.0.2:
  version "2.0.2"
  resolved "https://registry.yarnpkg.com/property-expr/-/property-expr-2.0.2.tgz#fff2a43919135553a3bc2fdd94bdb841965b2330"
  integrity sha512-bc/5ggaYZxNkFKj374aLbEDqVADdYaLcFo8XBkishUWbaAdjlphaBFns9TvRA2pUseVL/wMFmui9X3IdNDU37g==

react-is@^16.6.0, react-is@^16.7.0, react-is@^16.8.1, react-is@^16.9.0:
  version "16.13.1"
  resolved "https://registry.yarnpkg.com/react-is/-/react-is-16.13.1.tgz#789729a4dc36de2999dc156dd6c1d9c18cea56a4"
  integrity sha512-24e6ynE2H+OKt4kqsOvNd8kBpV65zoxbA4BVsEOB3ARVWQki/DHzaUoC5KuON/BiccDaCCTZBuOcfZs70kR8bQ==

react-redux@^7.2.0:
  version "7.2.0"
  resolved "https://registry.yarnpkg.com/react-redux/-/react-redux-7.2.0.tgz#f970f62192b3981642fec46fd0db18a074fe879d"
  integrity sha512-EvCAZYGfOLqwV7gh849xy9/pt55rJXPwmYvI4lilPM5rUT/1NxuuN59ipdBksRVSvz0KInbPnp4IfoXJXCqiDA==
  dependencies:
    "@babel/runtime" "^7.5.5"
    hoist-non-react-statics "^3.3.0"
    loose-envify "^1.4.0"
    prop-types "^15.7.2"
    react-is "^16.9.0"

react-router-dom@^5.2.0:
  version "5.2.0"
  resolved "https://registry.yarnpkg.com/react-router-dom/-/react-router-dom-5.2.0.tgz#9e65a4d0c45e13289e66c7b17c7e175d0ea15662"
  integrity sha512-gxAmfylo2QUjcwxI63RhQ5G85Qqt4voZpUXSEqCwykV0baaOTQDR1f0PmY8AELqIyVc0NEZUj0Gov5lNGcXgsA==
  dependencies:
    "@babel/runtime" "^7.1.2"
    history "^4.9.0"
    loose-envify "^1.3.1"
    prop-types "^15.6.2"
    react-router "5.2.0"
    tiny-invariant "^1.0.2"
    tiny-warning "^1.0.0"

react-router@5.2.0:
  version "5.2.0"
  resolved "https://registry.yarnpkg.com/react-router/-/react-router-5.2.0.tgz#424e75641ca8747fbf76e5ecca69781aa37ea293"
  integrity sha512-smz1DUuFHRKdcJC0jobGo8cVbhO3x50tCL4icacOlcwDOEQPq4TMqwx3sY1TP+DvtTgz4nm3thuo7A+BK2U0Dw==
  dependencies:
    "@babel/runtime" "^7.1.2"
    history "^4.9.0"
    hoist-non-react-statics "^3.1.0"
    loose-envify "^1.3.1"
    mini-create-react-context "^0.4.0"
    path-to-regexp "^1.7.0"
    prop-types "^15.6.2"
    react-is "^16.6.0"
    tiny-invariant "^1.0.2"
    tiny-warning "^1.0.0"

redux-thunk@^2.3.0:
  version "2.3.0"
  resolved "https://registry.yarnpkg.com/redux-thunk/-/redux-thunk-2.3.0.tgz#51c2c19a185ed5187aaa9a2d08b666d0d6467622"
  integrity sha512-km6dclyFnmcvxhAcrQV2AkZmPQjzPDjgVlQtR0EQjxZPyJ0BnMf3in1ryuR8A2qU0HldVRfxYXbFSKlI3N7Slw==

redux@^4.0.5:
  version "4.0.5"
  resolved "https://registry.yarnpkg.com/redux/-/redux-4.0.5.tgz#4db5de5816e17891de8a80c424232d06f051d93f"
  integrity sha512-VSz1uMAH24DM6MF72vcojpYPtrTUu3ByVWfPL1nPfVRb5mZVTve5GnNCUV53QM/BZ66xfWrm0CTWoM+Xlz8V1w==
  dependencies:
    loose-envify "^1.4.0"
    symbol-observable "^1.2.0"

regenerator-runtime@^0.13.4:
  version "0.13.5"
  resolved "https://registry.yarnpkg.com/regenerator-runtime/-/regenerator-runtime-0.13.5.tgz#d878a1d094b4306d10b9096484b33ebd55e26697"
  integrity sha512-ZS5w8CpKFinUzOwW3c83oPeVXoNsrLsaCoLtJvAClH135j/R77RuymhiSErhm2lKcwSCIpmvIWSbDkIfAqKQlA==

resolve-pathname@^3.0.0:
  version "3.0.0"
  resolved "https://registry.yarnpkg.com/resolve-pathname/-/resolve-pathname-3.0.0.tgz#99d02224d3cf263689becbb393bc560313025dcd"
  integrity sha512-C7rARubxI8bXFNB/hqcp/4iUeIXJhJZvFPFPiSPRnhU5UPxzMFIl+2E6yY6c4k9giDJAhtV+enfA+G89N6Csng==

symbol-observable@^1.2.0:
  version "1.2.0"
  resolved "https://registry.yarnpkg.com/symbol-observable/-/symbol-observable-1.2.0.tgz#c22688aed4eab3cdc2dfeacbb561660560a00804"
  integrity sha512-e900nM8RRtGhlV36KGEU9k65K3mPb1WV70OdjfxlG2EAuM1noi/E/BaW/uMhL7bPEssK8QV57vN3esixjUvcXQ==

synchronous-promise@^2.0.10:
  version "2.0.13"
  resolved "https://registry.yarnpkg.com/synchronous-promise/-/synchronous-promise-2.0.13.tgz#9d8c165ddee69c5a6542862b405bc50095926702"
  integrity sha512-R9N6uDkVsghHePKh1TEqbnLddO2IY25OcsksyFp/qBe7XYd0PVbKEWxhcdMhpLzE1I6skj5l4aEZ3CRxcbArlA==

tiny-invariant@^1.0.2:
  version "1.1.0"
  resolved "https://registry.yarnpkg.com/tiny-invariant/-/tiny-invariant-1.1.0.tgz#634c5f8efdc27714b7f386c35e6760991d230875"
  integrity sha512-ytxQvrb1cPc9WBEI/HSeYYoGD0kWnGEOR8RY6KomWLBVhqz0RgTwVO9dLrGz7dC+nN9llyI7OKAgRq8Vq4ZBSw==

tiny-warning@^1.0.0, tiny-warning@^1.0.3:
  version "1.0.3"
  resolved "https://registry.yarnpkg.com/tiny-warning/-/tiny-warning-1.0.3.tgz#94a30db453df4c643d0fd566060d60a875d84754"
  integrity sha512-lBN9zLN/oAf68o3zNXYrdCt1kP8WsiGW8Oo2ka41b2IM5JL/S1CTyX1rW0mb/zSuJun0ZUrDxx4sqvYS2FWzPA==

toposort@^2.0.2:
  version "2.0.2"
  resolved "https://registry.yarnpkg.com/toposort/-/toposort-2.0.2.tgz#ae21768175d1559d48bef35420b2f4962f09c330"
  integrity sha1-riF2gXXRVZ1IvvNUILL0li8JwzA=

value-equal@^1.0.1:
  version "1.0.1"
  resolved "https://registry.yarnpkg.com/value-equal/-/value-equal-1.0.1.tgz#1e0b794c734c5c0cade179c437d356d931a34d6c"
  integrity sha512-NOJ6JZCAWr0zlxZt+xqCHNTEKOsrks2HQd4MqhP1qy4z1SkbEP467eNx6TgDKXMvUOb+OENfJCZwM+16n7fRfw==

yup@^0.29.0:
  version "0.29.0"
  resolved "https://registry.yarnpkg.com/yup/-/yup-0.29.0.tgz#c0670897b2ebcea42ebde12b3567f55ea3a7acaf"
  integrity sha512-rXPkxhMIVPsQ6jZXPRcO+nc+AIT+BBo3012pmiEos2RSrPxAq1LyspZyK7l14ahcXuiKQnEHI0H5bptI47v5Tw==
  dependencies:
    "@babel/runtime" "^7.9.6"
    fn-name "~3.0.0"
    lodash "^4.17.15"
    lodash-es "^4.17.11"
    property-expr "^2.0.2"
    synchronous-promise "^2.0.10"
    toposort "^2.0.2"
